{
  "lockfile_version": "1",
  "packages": {
    "fd@latest": {
      "last_modified": "2024-11-16T04:25:12Z",
      "resolved": "github:NixOS/nixpkgs/34a626458d686f1b58139620a8b2793e9e123bba#fd",
      "source": "devbox-search",
      "version": "10.2.0",
      "systems": {
        "aarch64-darwin": {
          "outputs": [
            {
              "name": "out",
              "path": "/nix/store/82v1i8k638rvnmk9p77wv3b6c9phvndh-fd-10.2.0",
              "default": true
            }
          ],
          "store_path": "/nix/store/82v1i8k638rvnmk9p77wv3b6c9phvndh-fd-10.2.0"
        },
        "aarch64-linux": {
          "outputs": [
            {
              "name": "out",
              "path": "/nix/store/8kaw3m5if6d0hc6bj0m4j9kajarn405b-fd-10.2.0",
              "default": true
            }
          ],
          "store_path": "/nix/store/8kaw3m5if6d0hc6bj0m4j9kajarn405b-fd-10.2.0"
        },
        "x86_64-darwin": {
          "outputs": [
            {
              "name": "out",
              "path": "/nix/store/q9b9c6ws3jy3giq9jmgk4f5xbyls1cnq-fd-10.2.0",
              "default": true
            }
          ],
          "store_path": "/nix/store/q9b9c6ws3jy3giq9jmgk4f5xbyls1cnq-fd-10.2.0"
        },
        "x86_64-linux": {
          "outputs": [
            {
              "name": "out",
              "path": "/nix/store/s8ml0x4zl7xla2crsx2427cxz6lyypzp-fd-10.2.0",
              "default": true
            }
          ],
          "store_path": "/nix/store/s8ml0x4zl7xla2crsx2427cxz6lyypzp-fd-10.2.0"
        }
      }
    },
    "nil@latest": {
      "last_modified": "2024-12-11T16:51:25Z",
      "resolved": "github:NixOS/nixpkgs/5a48e3c2e435e95103d56590188cfed7b70e108c#nil",
      "source": "devbox-search",
      "version": "2024-08-06",
      "systems": {
        "aarch64-darwin": {
          "outputs": [
            {
              "name": "out",
              "path": "/nix/store/4642xmp7flgxmf3l373z8i72f8j0d826-nil-2024-08-06",
              "default": true
            }
          ],
          "store_path": "/nix/store/4642xmp7flgxmf3l373z8i72f8j0d826-nil-2024-08-06"
        },
        "aarch64-linux": {
          "outputs": [
            {
              "name": "out",
              "path": "/nix/store/nikki9qvcbfykcbxhgy83p1z5zhhgi5z-nil-2024-08-06",
              "default": true
            }
          ],
          "store_path": "/nix/store/nikki9qvcbfykcbxhgy83p1z5zhhgi5z-nil-2024-08-06"
        },
        "x86_64-darwin": {
          "outputs": [
            {
              "name": "out",
              "path": "/nix/store/np0ghr6a657xzl6d14d4h5pl188vp5v0-nil-2024-08-06",
              "default": true
            }
          ],
          "store_path": "/nix/store/np0ghr6a657xzl6d14d4h5pl188vp5v0-nil-2024-08-06"
        },
        "x86_64-linux": {
          "outputs": [
            {
              "name": "out",
              "path": "/nix/store/mjljjfi6h0jxi5pi3ir93mk98m2ksrs9-nil-2024-08-06",
              "default": true
            }
          ],
          "store_path": "/nix/store/mjljjfi6h0jxi5pi3ir93mk98m2ksrs9-nil-2024-08-06"
        }
      }
    },
    "nixd@latest": {
      "last_modified": "2024-12-17T11:43:56Z",
      "resolved": "github:NixOS/nixpkgs/4989a246d7a390a859852baddb1013f825435cee#nixd",
      "source": "devbox-search",
      "version": "2.5.1",
      "systems": {
        "aarch64-darwin": {
          "outputs": [
            {
              "name": "out",
              "path": "/nix/store/7givdb0sigrrvs49dvdwzspb019l2r9v-nixd-2.5.1",
              "default": true
            }
          ],
          "store_path": "/nix/store/7givdb0sigrrvs49dvdwzspb019l2r9v-nixd-2.5.1"
        },
        "aarch64-linux": {
          "outputs": [
            {
              "name": "out",
              "path": "/nix/store/ix28vs2zcj2rd2g8xccj62zgzia49wh6-nixd-2.5.1",
              "default": true
            }
          ],
          "store_path": "/nix/store/ix28vs2zcj2rd2g8xccj62zgzia49wh6-nixd-2.5.1"
        },
        "x86_64-darwin": {
          "outputs": [
            {
              "name": "out",
              "path": "/nix/store/wz0g46kd2hjis5h27894qaj5n0rsw9in-nixd-2.5.1",
              "default": true
            }
          ],
          "store_path": "/nix/store/wz0g46kd2hjis5h27894qaj5n0rsw9in-nixd-2.5.1"
        },
        "x86_64-linux": {
          "outputs": [
            {
              "name": "out",
              "path": "/nix/store/ghqbibg20c3wx2qsrw0dpa0vjdbvknrg-nixd-2.5.1",
              "default": true
            }
          ],
          "store_path": "/nix/store/ghqbibg20c3wx2qsrw0dpa0vjdbvknrg-nixd-2.5.1"
        }
      }
    },
    "nixfmt-rfc-style@latest": {
      "last_modified": "2024-11-16T04:25:12Z",
      "resolved": "github:NixOS/nixpkgs/34a626458d686f1b58139620a8b2793e9e123bba#nixfmt-rfc-style",
      "source": "devbox-search",
      "version": "2024-08-16",
      "systems": {
        "aarch64-darwin": {
          "outputs": [
            {
              "name": "out",
              "path": "/nix/store/5xcdn7g4sd9bksjw0a5p1ka0gijhdj3f-nixfmt-unstable-2024-08-16",
              "default": true
            }
          ],
          "store_path": "/nix/store/5xcdn7g4sd9bksjw0a5p1ka0gijhdj3f-nixfmt-unstable-2024-08-16"
        },
        "aarch64-linux": {
          "outputs": [
            {
              "name": "out",
              "path": "/nix/store/590hrpqmzmys0l2n57v6zrnxm4cs4grf-nixfmt-unstable-2024-08-16",
              "default": true
            }
          ],
          "store_path": "/nix/store/590hrpqmzmys0l2n57v6zrnxm4cs4grf-nixfmt-unstable-2024-08-16"
        },
        "x86_64-darwin": {
          "outputs": [
            {
              "name": "out",
              "path": "/nix/store/aib8rhx2rms6h423aymzmxdb3dlxzy4g-nixfmt-unstable-2024-08-16",
              "default": true
            }
          ],
          "store_path": "/nix/store/aib8rhx2rms6h423aymzmxdb3dlxzy4g-nixfmt-unstable-2024-08-16"
        },
        "x86_64-linux": {
          "outputs": [
            {
              "name": "out",
              "path": "/nix/store/k6kyjxxk7gc2a29nbhnz3c1ffm42hs6y-nixfmt-unstable-2024-08-16",
              "default": true
            }
          ],
          "store_path": "/nix/store/k6kyjxxk7gc2a29nbhnz3c1ffm42hs6y-nixfmt-unstable-2024-08-16"
        }
      }
    },
    "ripgrep@latest": {
      "last_modified": "2025-01-19T08:16:51Z",
      "resolved": "github:NixOS/nixpkgs/50165c4f7eb48ce82bd063e1fb8047a0f515f8ce#ripgrep",
      "source": "devbox-search",
      "version": "14.1.1",
      "systems": {
        "aarch64-darwin": {
          "outputs": [
            {
              "name": "out",
              "path": "/nix/store/wpxhqaa5k638f17yiav6mcbsawi5hh6h-ripgrep-14.1.1",
              "default": true
            }
          ],
          "store_path": "/nix/store/wpxhqaa5k638f17yiav6mcbsawi5hh6h-ripgrep-14.1.1"
        },
        "aarch64-linux": {
          "outputs": [
            {
              "name": "out",
              "path": "/nix/store/xgpafx987hbg76crc9gbdcdbdy3w2cqw-ripgrep-14.1.1",
              "default": true
            }
          ],
          "store_path": "/nix/store/xgpafx987hbg76crc9gbdcdbdy3w2cqw-ripgrep-14.1.1"
        },
        "x86_64-darwin": {
          "outputs": [
            {
              "name": "out",
              "path": "/nix/store/aq8rh9spvrn2rjikyjb8jk0799f6q568-ripgrep-14.1.1",
              "default": true
            }
          ],
          "store_path": "/nix/store/aq8rh9spvrn2rjikyjb8jk0799f6q568-ripgrep-14.1.1"
        },
        "x86_64-linux": {
          "outputs": [
            {
              "name": "out",
              "path": "/nix/store/d7i7ccjxmlzh73l2s458s3c9kwdj2s3b-ripgrep-14.1.1",
              "default": true
            }
          ],
          "store_path": "/nix/store/d7i7ccjxmlzh73l2s458s3c9kwdj2s3b-ripgrep-14.1.1"
        }
      }
    }
  }
}
