{
  "lockfile_version": "1",
  "packages": {
    "fd@latest": {
      "last_modified": "2024-11-16T04:25:12Z",
      "resolved": "github:NixOS/nixpkgs/34a626458d686f1b58139620a8b2793e9e123bba#fd",
      "source": "devbox-search",
      "version": "10.2.0",
      "systems": {
        "aarch64-darwin": {
          "outputs": [
            {
              "name": "out",
              "path": "/nix/store/82v1i8k638rvnmk9p77wv3b6c9phvndh-fd-10.2.0",
              "default": true
            }
          ],
          "store_path": "/nix/store/82v1i8k638rvnmk9p77wv3b6c9phvndh-fd-10.2.0"
        },
        "aarch64-linux": {
          "outputs": [
            {
              "name": "out",
              "path": "/nix/store/8kaw3m5if6d0hc6bj0m4j9kajarn405b-fd-10.2.0",
              "default": true
            }
          ],
          "store_path": "/nix/store/8kaw3m5if6d0hc6bj0m4j9kajarn405b-fd-10.2.0"
        },
        "x86_64-darwin": {
          "outputs": [
            {
              "name": "out",
              "path": "/nix/store/q9b9c6ws3jy3giq9jmgk4f5xbyls1cnq-fd-10.2.0",
              "default": true
            }
          ],
          "store_path": "/nix/store/q9b9c6ws3jy3giq9jmgk4f5xbyls1cnq-fd-10.2.0"
        },
        "x86_64-linux": {
          "outputs": [
            {
              "name": "out",
              "path": "/nix/store/s8ml0x4zl7xla2crsx2427cxz6lyypzp-fd-10.2.0",
              "default": true
            }
          ],
          "store_path": "/nix/store/s8ml0x4zl7xla2crsx2427cxz6lyypzp-fd-10.2.0"
        }
      }
    },
    "nixfmt-rfc-style@latest": {
      "last_modified": "2024-11-16T04:25:12Z",
      "resolved": "github:NixOS/nixpkgs/34a626458d686f1b58139620a8b2793e9e123bba#nixfmt-rfc-style",
      "source": "devbox-search",
      "version": "2024-08-16",
      "systems": {
        "aarch64-darwin": {
          "outputs": [
            {
              "name": "out",
              "path": "/nix/store/5xcdn7g4sd9bksjw0a5p1ka0gijhdj3f-nixfmt-unstable-2024-08-16",
              "default": true
            }
          ],
          "store_path": "/nix/store/5xcdn7g4sd9bksjw0a5p1ka0gijhdj3f-nixfmt-unstable-2024-08-16"
        },
        "aarch64-linux": {
          "outputs": [
            {
              "name": "out",
              "path": "/nix/store/590hrpqmzmys0l2n57v6zrnxm4cs4grf-nixfmt-unstable-2024-08-16",
              "default": true
            }
          ],
          "store_path": "/nix/store/590hrpqmzmys0l2n57v6zrnxm4cs4grf-nixfmt-unstable-2024-08-16"
        },
        "x86_64-darwin": {
          "outputs": [
            {
              "name": "out",
              "path": "/nix/store/aib8rhx2rms6h423aymzmxdb3dlxzy4g-nixfmt-unstable-2024-08-16",
              "default": true
            }
          ],
          "store_path": "/nix/store/aib8rhx2rms6h423aymzmxdb3dlxzy4g-nixfmt-unstable-2024-08-16"
        },
        "x86_64-linux": {
          "outputs": [
            {
              "name": "out",
              "path": "/nix/store/k6kyjxxk7gc2a29nbhnz3c1ffm42hs6y-nixfmt-unstable-2024-08-16",
              "default": true
            }
          ],
          "store_path": "/nix/store/k6kyjxxk7gc2a29nbhnz3c1ffm42hs6y-nixfmt-unstable-2024-08-16"
        }
      }
    }
  }
}
